
Microsoft Visual Studio Solution File, Format Version 12.00
# Visual Studio Version 17
VisualStudioVersion = 17.0.31903.59
MinimumVisualStudioVersion = 10.0.40219.1
Project("{FAE04EC0-301F-11D3-BF4B-00C04F79EFBC}") = "Zwemvest.MudScheduler", "src\Zwemvest.MudScheduler\Zwemvest.MudScheduler.csproj", "{5CBC0BE8-866F-402F-8D75-93464CE97D21}"
EndProject
Project("{FAE04EC0-301F-11D3-BF4B-00C04F79EFBC}") = "Zwemvest.MudScheduler.UnitTests.Viewer", "src\Zwemvest.MudScheduler.UnitTests.Viewer\Zwemvest.MudScheduler.UnitTests.Viewer.csproj", "{A7174A96-EFC8-4E54-AF2C-EAC3C2AAFB40}"
EndProject
Global
	GlobalSection(SolutionConfigurationPlatforms) = preSolution
		Debug|Any CPU = Debug|Any CPU
		Release|Any CPU = Release|Any CPU
	EndGlobalSection
	GlobalSection(SolutionProperties) = preSolution
		HideSolutionNode = FALSE
	EndGlobalSection
	GlobalSection(ProjectConfigurationPlatforms) = postSolution
		{5CBC0BE8-866F-402F-8D75-93464CE97D21}.Debug|Any CPU.ActiveCfg = Debug|Any CPU
		{5CBC0BE8-866F-402F-8D75-93464CE97D21}.Debug|Any CPU.Build.0 = Debug|Any CPU
		{5CBC0BE8-866F-402F-8D75-93464CE97D21}.Release|Any CPU.ActiveCfg = Release|Any CPU
		{5CBC0BE8-866F-402F-8D75-93464CE97D21}.Release|Any CPU.Build.0 = Release|Any CPU
		{A7174A96-EFC8-4E54-AF2C-EAC3C2AAFB40}.Debug|Any CPU.ActiveCfg = Debug|Any CPU
		{A7174A96-EFC8-4E54-AF2C-EAC3C2AAFB40}.Debug|Any CPU.Build.0 = Debug|Any CPU
		{A7174A96-EFC8-4E54-AF2C-EAC3C2AAFB40}.Release|Any CPU.ActiveCfg = Release|Any CPU
		{A7174A96-EFC8-4E54-AF2C-EAC3C2AAFB40}.Release|Any CPU.Build.0 = Release|Any CPU
	EndGlobalSection
EndGlobal
